{
    "version": 3,
    "terraform_version": "0.7.7",
    "serial": 0,
    "lineage": "0ff5a97c-d387-48cf-8ad9-f4dba79ef0d9",
    "modules": [
        {
            "path": [
                "root"
            ],
            "outputs": {},
            "resources": {
                "aws_instance.packer": {
                    "type": "aws_instance",
                    "depends_on": [],
                    "primary": {
                        "id": "i-038f924e18a8389e5",
                        "attributes": {
                            "ami": "ami-5df2d34a",
                            "availability_zone": "us-east-1b",
                            "disable_api_termination": "false",
                            "ebs_block_device.#": "0",
                            "ebs_optimized": "false",
                            "ephemeral_block_device.#": "0",
                            "iam_instance_profile": "",
                            "id": "i-038f924e18a8389e5",
                            "instance_state": "running",
                            "instance_type": "t2.micro",
                            "key_name": "",
                            "monitoring": "false",
                            "network_interface_id": "eni-5cd9d1a0",
                            "private_dns": "ip-172-31-56-100.ec2.internal",
                            "private_ip": "172.31.56.100",
                            "public_dns": "ec2-54-163-151-187.compute-1.amazonaws.com",
                            "public_ip": "54.163.151.187",
                            "root_block_device.#": "1",
                            "root_block_device.0.delete_on_termination": "true",
                            "root_block_device.0.iops": "100",
                            "root_block_device.0.volume_size": "8",
                            "root_block_device.0.volume_type": "gp2",
                            "security_groups.#": "0",
                            "source_dest_check": "true",
                            "subnet_id": "subnet-6a21fe47",
                            "tags.%": "1",
                            "tags.Name": "Custom-AMI-Packer",
                            "tenancy": "default",
                            "vpc_security_group_ids.#": "1",
                            "vpc_security_group_ids.1204243347": "sg-6d21c910"
                        },
                        "meta": {
                            "schema_version": "1"
                        },
                        "tainted": false
                    },
                    "deposed": [],
                    "provider": ""
                }
            },
            "depends_on": []
        }
    ]
}
